
Microsoft Visual Studio Solution File, Format Version 12.00
# Visual Studio Version 17
VisualStudioVersion = 17.9.34728.123
MinimumVisualStudioVersion = 10.0.40219.1
Project("{9A19103F-16F7-4668-BE54-9A1E7A4F7556}") = "ChartRealTime", "ChartRealTime\ChartRealTime.csproj", "{1F14CE42-15F1-47C4-8E65-E890AFDECE5C}"
EndProject
Project("{9A19103F-16F7-4668-BE54-9A1E7A4F7556}") = "Application", "Application\Application.csproj", "{8BDCF320-6F87-4793-898C-87042360DDB5}"
EndProject
Project("{9A19103F-16F7-4668-BE54-9A1E7A4F7556}") = "Domain", "Domain\Domain.csproj", "{C2DB2AAF-4B48-4DF0-A87E-77AEB242E829}"
EndProject
Project("{9A19103F-16F7-4668-BE54-9A1E7A4F7556}") = "Infrastructure", "Infrastructure\Infrastructure.csproj", "{0F18F889-9779-4E65-A22E-406CE4E0D9C8}"
EndProject
Project("{9A19103F-16F7-4668-BE54-9A1E7A4F7556}") = "WebClient", "WebClient\WebClient.csproj", "{25B4F339-F3EF-4944-9695-2097D2B9D7E1}"
EndProject
Global
	GlobalSection(SolutionConfigurationPlatforms) = preSolution
		Debug|Any CPU = Debug|Any CPU
		Release|Any CPU = Release|Any CPU
	EndGlobalSection
	GlobalSection(ProjectConfigurationPlatforms) = postSolution
		{1F14CE42-15F1-47C4-8E65-E890AFDECE5C}.Debug|Any CPU.ActiveCfg = Debug|Any CPU
		{1F14CE42-15F1-47C4-8E65-E890AFDECE5C}.Debug|Any CPU.Build.0 = Debug|Any CPU
		{1F14CE42-15F1-47C4-8E65-E890AFDECE5C}.Release|Any CPU.ActiveCfg = Release|Any CPU
		{1F14CE42-15F1-47C4-8E65-E890AFDECE5C}.Release|Any CPU.Build.0 = Release|Any CPU
		{8BDCF320-6F87-4793-898C-87042360DDB5}.Debug|Any CPU.ActiveCfg = Debug|Any CPU
		{8BDCF320-6F87-4793-898C-87042360DDB5}.Debug|Any CPU.Build.0 = Debug|Any CPU
		{8BDCF320-6F87-4793-898C-87042360DDB5}.Release|Any CPU.ActiveCfg = Release|Any CPU
		{8BDCF320-6F87-4793-898C-87042360DDB5}.Release|Any CPU.Build.0 = Release|Any CPU
		{C2DB2AAF-4B48-4DF0-A87E-77AEB242E829}.Debug|Any CPU.ActiveCfg = Debug|Any CPU
		{C2DB2AAF-4B48-4DF0-A87E-77AEB242E829}.Debug|Any CPU.Build.0 = Debug|Any CPU
		{C2DB2AAF-4B48-4DF0-A87E-77AEB242E829}.Release|Any CPU.ActiveCfg = Release|Any CPU
		{C2DB2AAF-4B48-4DF0-A87E-77AEB242E829}.Release|Any CPU.Build.0 = Release|Any CPU
		{0F18F889-9779-4E65-A22E-406CE4E0D9C8}.Debug|Any CPU.ActiveCfg = Debug|Any CPU
		{0F18F889-9779-4E65-A22E-406CE4E0D9C8}.Debug|Any CPU.Build.0 = Debug|Any CPU
		{0F18F889-9779-4E65-A22E-406CE4E0D9C8}.Release|Any CPU.ActiveCfg = Release|Any CPU
		{0F18F889-9779-4E65-A22E-406CE4E0D9C8}.Release|Any CPU.Build.0 = Release|Any CPU
		{25B4F339-F3EF-4944-9695-2097D2B9D7E1}.Debug|Any CPU.ActiveCfg = Debug|Any CPU
		{25B4F339-F3EF-4944-9695-2097D2B9D7E1}.Debug|Any CPU.Build.0 = Debug|Any CPU
		{25B4F339-F3EF-4944-9695-2097D2B9D7E1}.Release|Any CPU.ActiveCfg = Release|Any CPU
		{25B4F339-F3EF-4944-9695-2097D2B9D7E1}.Release|Any CPU.Build.0 = Release|Any CPU
	EndGlobalSection
	GlobalSection(SolutionProperties) = preSolution
		HideSolutionNode = FALSE
	EndGlobalSection
	GlobalSection(ExtensibilityGlobals) = postSolution
		SolutionGuid = {1779395A-4474-49F8-AC6E-30D7AECABDC1}
	EndGlobalSection
EndGlobal
