
Microsoft Visual Studio Solution File, Format Version 12.00
# Visual Studio Version 17
VisualStudioVersion = 17.9.34728.123
MinimumVisualStudioVersion = 10.0.40219.1
Project("{9A19103F-16F7-4668-BE54-9A1E7A4F7556}") = "WebClient", "WebClient\WebClient.csproj", "{25B4F339-F3EF-4944-9695-2097D2B9D7E1}"
EndProject
Project("{2150E333-8FDC-42A3-9474-1A3956D46DE8}") = "Infrastructure", "Infrastructure", "{1B653E25-2049-4D96-91CD-DFCB653930EE}"
EndProject
Project("{2150E333-8FDC-42A3-9474-1A3956D46DE8}") = "Core", "Core", "{0AF36EAF-C86C-4F60-8EBC-13791A9BC06B}"
EndProject
Project("{2150E333-8FDC-42A3-9474-1A3956D46DE8}") = "Application", "Application", "{14239631-E646-4AA7-8EA9-A5FC969BDA3E}"
EndProject
Project("{FAE04EC0-301F-11D3-BF4B-00C04F79EFBC}") = "Domain", "Domain\Domain.csproj", "{16E097EC-995E-4177-9738-9C7EA613B173}"
EndProject
Project("{FAE04EC0-301F-11D3-BF4B-00C04F79EFBC}") = "Application", "Application\Application.csproj", "{4B258C1D-D305-40D5-898E-969DEB987DCD}"
EndProject
Project("{FAE04EC0-301F-11D3-BF4B-00C04F79EFBC}") = "Infrastructure", "Infrastructure\Infrastructure.csproj", "{B918EDA9-A5FB-4C43-8CD0-F379C513A062}"
EndProject
Project("{FAE04EC0-301F-11D3-BF4B-00C04F79EFBC}") = "DataAccset", "DataAccset\DataAccset.csproj", "{79DE51D8-EBD5-46EC-A0E5-F4F61F41D50B}"
EndProject
Global
	GlobalSection(SolutionConfigurationPlatforms) = preSolution
		Debug|Any CPU = Debug|Any CPU
		Release|Any CPU = Release|Any CPU
	EndGlobalSection
	GlobalSection(ProjectConfigurationPlatforms) = postSolution
		{25B4F339-F3EF-4944-9695-2097D2B9D7E1}.Debug|Any CPU.ActiveCfg = Debug|Any CPU
		{25B4F339-F3EF-4944-9695-2097D2B9D7E1}.Debug|Any CPU.Build.0 = Debug|Any CPU
		{25B4F339-F3EF-4944-9695-2097D2B9D7E1}.Release|Any CPU.ActiveCfg = Release|Any CPU
		{25B4F339-F3EF-4944-9695-2097D2B9D7E1}.Release|Any CPU.Build.0 = Release|Any CPU
		{16E097EC-995E-4177-9738-9C7EA613B173}.Debug|Any CPU.ActiveCfg = Debug|Any CPU
		{16E097EC-995E-4177-9738-9C7EA613B173}.Debug|Any CPU.Build.0 = Debug|Any CPU
		{16E097EC-995E-4177-9738-9C7EA613B173}.Release|Any CPU.ActiveCfg = Release|Any CPU
		{16E097EC-995E-4177-9738-9C7EA613B173}.Release|Any CPU.Build.0 = Release|Any CPU
		{4B258C1D-D305-40D5-898E-969DEB987DCD}.Debug|Any CPU.ActiveCfg = Debug|Any CPU
		{4B258C1D-D305-40D5-898E-969DEB987DCD}.Debug|Any CPU.Build.0 = Debug|Any CPU
		{4B258C1D-D305-40D5-898E-969DEB987DCD}.Release|Any CPU.ActiveCfg = Release|Any CPU
		{4B258C1D-D305-40D5-898E-969DEB987DCD}.Release|Any CPU.Build.0 = Release|Any CPU
		{B918EDA9-A5FB-4C43-8CD0-F379C513A062}.Debug|Any CPU.ActiveCfg = Debug|Any CPU
		{B918EDA9-A5FB-4C43-8CD0-F379C513A062}.Debug|Any CPU.Build.0 = Debug|Any CPU
		{B918EDA9-A5FB-4C43-8CD0-F379C513A062}.Release|Any CPU.ActiveCfg = Release|Any CPU
		{B918EDA9-A5FB-4C43-8CD0-F379C513A062}.Release|Any CPU.Build.0 = Release|Any CPU
		{79DE51D8-EBD5-46EC-A0E5-F4F61F41D50B}.Debug|Any CPU.ActiveCfg = Debug|Any CPU
		{79DE51D8-EBD5-46EC-A0E5-F4F61F41D50B}.Debug|Any CPU.Build.0 = Debug|Any CPU
		{79DE51D8-EBD5-46EC-A0E5-F4F61F41D50B}.Release|Any CPU.ActiveCfg = Release|Any CPU
		{79DE51D8-EBD5-46EC-A0E5-F4F61F41D50B}.Release|Any CPU.Build.0 = Release|Any CPU
	EndGlobalSection
	GlobalSection(SolutionProperties) = preSolution
		HideSolutionNode = FALSE
	EndGlobalSection
	GlobalSection(NestedProjects) = preSolution
		{16E097EC-995E-4177-9738-9C7EA613B173} = {0AF36EAF-C86C-4F60-8EBC-13791A9BC06B}
		{4B258C1D-D305-40D5-898E-969DEB987DCD} = {14239631-E646-4AA7-8EA9-A5FC969BDA3E}
		{B918EDA9-A5FB-4C43-8CD0-F379C513A062} = {1B653E25-2049-4D96-91CD-DFCB653930EE}
		{79DE51D8-EBD5-46EC-A0E5-F4F61F41D50B} = {1B653E25-2049-4D96-91CD-DFCB653930EE}
	EndGlobalSection
	GlobalSection(ExtensibilityGlobals) = postSolution
		SolutionGuid = {1779395A-4474-49F8-AC6E-30D7AECABDC1}
	EndGlobalSection
EndGlobal
